// !$*UTF8*$!
{
	archiveVersion = 1;
	classes = {
	};
	objectVersion = 50;
	objects = {

/* Begin PBXBuildFile section */
		24B03FBF21FC5C3400DB874C /* AppDelegate.swift in Sources */ = {isa = PBXBuildFile; fileRef = 24B03FBE21FC5C3400DB874C /* AppDelegate.swift */; };
		24B03FC121FC5C3400DB874C /* ViewController.swift in Sources */ = {isa = PBXBuildFile; fileRef = 24B03FC021FC5C3400DB874C /* ViewController.swift */; };
		24B03FC421FC5C3400DB874C /* Main.storyboard in Resources */ = {isa = PBXBuildFile; fileRef = 24B03FC221FC5C3400DB874C /* Main.storyboard */; };
		24B03FC621FC5C3500DB874C /* Assets.xcassets in Resources */ = {isa = PBXBuildFile; fileRef = 24B03FC521FC5C3500DB874C /* Assets.xcassets */; };
		24B03FC921FC5C3500DB874C /* LaunchScreen.storyboard in Resources */ = {isa = PBXBuildFile; fileRef = 24B03FC721FC5C3500DB874C /* LaunchScreen.storyboard */; };
		24B03FD421FC5C3500DB874C /* DownloadBackgroundTests.swift in Sources */ = {isa = PBXBuildFile; fileRef = 24B03FD321FC5C3500DB874C /* DownloadBackgroundTests.swift */; };
/* End PBXBuildFile section */

/* Begin PBXContainerItemProxy section */
		24B03FD021FC5C3500DB874C /* PBXContainerItemProxy */ = {
			isa = PBXContainerItemProxy;
			containerPortal = 24B03FB321FC5C3400DB874C /* Project object */;
			proxyType = 1;
			remoteGlobalIDString = 24B03FBA21FC5C3400DB874C;
			remoteInfo = DownloadBackground;
		};
/* End PBXContainerItemProxy section */

/* Begin PBXFileReference section */
		24B03FBB21FC5C3400DB874C /* DownloadBackground.app */ = {isa = PBXFileReference; explicitFileType = wrapper.application; includeInIndex = 0; path = DownloadBackground.app; sourceTree = BUILT_PRODUCTS_DIR; };
		24B03FBE21FC5C3400DB874C /* AppDelegate.swift */ = {isa = PBXFileReference; lastKnownFileType = sourcecode.swift; path = AppDelegate.swift; sourceTree = "<group>"; };
		24B03FC021FC5C3400DB874C /* ViewController.swift */ = {isa = PBXFileReference; lastKnownFileType = sourcecode.swift; path = ViewController.swift; sourceTree = "<group>"; };
		24B03FC321FC5C3400DB874C /* Base */ = {isa = PBXFileReference; lastKnownFileType = file.storyboard; name = Base; path = Base.lproj/Main.storyboard; sourceTree = "<group>"; };
		24B03FC521FC5C3500DB874C /* Assets.xcassets */ = {isa = PBXFileReference; lastKnownFileType = folder.assetcatalog; path = Assets.xcassets; sourceTree = "<group>"; };
		24B03FC821FC5C3500DB874C /* Base */ = {isa = PBXFileReference; lastKnownFileType = file.storyboard; name = Base; path = Base.lproj/LaunchScreen.storyboard; sourceTree = "<group>"; };
		24B03FCA21FC5C3500DB874C /* Info.plist */ = {isa = PBXFileReference; lastKnownFileType = text.plist.xml; path = Info.plist; sourceTree = "<group>"; };
		24B03FCF21FC5C3500DB874C /* DownloadBackgroundTests.xctest */ = {isa = PBXFileReference; explicitFileType = wrapper.cfbundle; includeInIndex = 0; path = DownloadBackgroundTests.xctest; sourceTree = BUILT_PRODUCTS_DIR; };
		24B03FD321FC5C3500DB874C /* DownloadBackgroundTests.swift */ = {isa = PBXFileReference; lastKnownFileType = sourcecode.swift; path = DownloadBackgroundTests.swift; sourceTree = "<group>"; };
		24B03FD521FC5C3500DB874C /* Info.plist */ = {isa = PBXFileReference; lastKnownFileType = text.plist.xml; path = Info.plist; sourceTree = "<group>"; };
/* End PBXFileReference section */

/* Begin PBXFrameworksBuildPhase section */
		24B03FB821FC5C3400DB874C /* Frameworks */ = {
			isa = PBXFrameworksBuildPhase;
			buildActionMask = 2147483647;
			files = (
			);
			runOnlyForDeploymentPostprocessing = 0;
		};
		24B03FCC21FC5C3500DB874C /* Frameworks */ = {
			isa = PBXFrameworksBuildPhase;
			buildActionMask = 2147483647;
			files = (
			);
			runOnlyForDeploymentPostprocessing = 0;
		};
/* End PBXFrameworksBuildPhase section */

/* Begin PBXGroup section */
		24B03FB221FC5C3400DB874C = {
			isa = PBXGroup;
			children = (
				24B03FBD21FC5C3400DB874C /* DownloadBackground */,
				24B03FD221FC5C3500DB874C /* DownloadBackgroundTests */,
				24B03FBC21FC5C3400DB874C /* Products */,
			);
			sourceTree = "<group>";
		};
		24B03FBC21FC5C3400DB874C /* Products */ = {
			isa = PBXGroup;
			children = (
				24B03FBB21FC5C3400DB874C /* DownloadBackground.app */,
				24B03FCF21FC5C3500DB874C /* DownloadBackgroundTests.xctest */,
			);
			name = Products;
			sourceTree = "<group>";
		};
		24B03FBD21FC5C3400DB874C /* DownloadBackground */ = {
			isa = PBXGroup;
			children = (
				24B03FBE21FC5C3400DB874C /* AppDelegate.swift */,
				24B03FC021FC5C3400DB874C /* ViewController.swift */,
				24B03FC221FC5C3400DB874C /* Main.storyboard */,
				24B03FC521FC5C3500DB874C /* Assets.xcassets */,
				24B03FC721FC5C3500DB874C /* LaunchScreen.storyboard */,
				24B03FCA21FC5C3500DB874C /* Info.plist */,
			);
			path = DownloadBackground;
			sourceTree = "<group>";
		};
		24B03FD221FC5C3500DB874C /* DownloadBackgroundTests */ = {
			isa = PBXGroup;
			children = (
				24B03FD321FC5C3500DB874C /* DownloadBackgroundTests.swift */,
				24B03FD521FC5C3500DB874C /* Info.plist */,
			);
			path = DownloadBackgroundTests;
			sourceTree = "<group>";
		};
/* End PBXGroup section */

/* Begin PBXNativeTarget section */
		24B03FBA21FC5C3400DB874C /* DownloadBackground */ = {
			isa = PBXNativeTarget;
			buildConfigurationList = 24B03FD821FC5C3500DB874C /* Build configuration list for PBXNativeTarget "DownloadBackground" */;
			buildPhases = (
				24B03FB721FC5C3400DB874C /* Sources */,
				24B03FB821FC5C3400DB874C /* Frameworks */,
				24B03FB921FC5C3400DB874C /* Resources */,
			);
			buildRules = (
			);
			dependencies = (
			);
			name = DownloadBackground;
			productName = DownloadBackground;
			productReference = 24B03FBB21FC5C3400DB874C /* DownloadBackground.app */;
			productType = "com.apple.product-type.application";
		};
		24B03FCE21FC5C3500DB874C /* DownloadBackgroundTests */ = {
			isa = PBXNativeTarget;
			buildConfigurationList = 24B03FDB21FC5C3500DB874C /* Build configuration list for PBXNativeTarget "DownloadBackgroundTests" */;
			buildPhases = (
				24B03FCB21FC5C3500DB874C /* Sources */,
				24B03FCC21FC5C3500DB874C /* Frameworks */,
				24B03FCD21FC5C3500DB874C /* Resources */,
			);
			buildRules = (
			);
			dependencies = (
				24B03FD121FC5C3500DB874C /* PBXTargetDependency */,
			);
			name = DownloadBackgroundTests;
			productName = DownloadBackgroundTests;
			productReference = 24B03FCF21FC5C3500DB874C /* DownloadBackgroundTests.xctest */;
			productType = "com.apple.product-type.bundle.unit-test";
		};
/* End PBXNativeTarget section */

/* Begin PBXProject section */
		24B03FB321FC5C3400DB874C /* Project object */ = {
			isa = PBXProject;
			attributes = {
				LastSwiftUpdateCheck = 1010;
				LastUpgradeCheck = 1010;
				ORGANIZATIONNAME = tm;
				TargetAttributes = {
					24B03FBA21FC5C3400DB874C = {
						CreatedOnToolsVersion = 10.1;
						SystemCapabilities = {
							com.apple.BackgroundModes = {
								enabled = 1;
							};
						};
					};
					24B03FCE21FC5C3500DB874C = {
						CreatedOnToolsVersion = 10.1;
						TestTargetID = 24B03FBA21FC5C3400DB874C;
					};
				};
			};
			buildConfigurationList = 24B03FB621FC5C3400DB874C /* Build configuration list for PBXProject "DownloadBackground" */;
			compatibilityVersion = "Xcode 9.3";
			developmentRegion = en;
			hasScannedForEncodings = 0;
			knownRegions = (
				en,
				Base,
			);
			mainGroup = 24B03FB221FC5C3400DB874C;
			productRefGroup = 24B03FBC21FC5C3400DB874C /* Products */;
			projectDirPath = "";
			projectRoot = "";
			targets = (
				24B03FBA21FC5C3400DB874C /* DownloadBackground */,
				24B03FCE21FC5C3500DB874C /* DownloadBackgroundTests */,
			);
		};
/* End PBXProject section */

/* Begin PBXResourcesBuildPhase section */
		24B03FB921FC5C3400DB874C /* Resources */ = {
			isa = PBXResourcesBuildPhase;
			buildActionMask = 2147483647;
			files = (
				24B03FC921FC5C3500DB874C /* LaunchScreen.storyboard in Resources */,
				24B03FC621FC5C3500DB874C /* Assets.xcassets in Resources */,
				24B03FC421FC5C3400DB874C /* Main.storyboard in Resources */,
			);
			runOnlyForDeploymentPostprocessing = 0;
		};
		24B03FCD21FC5C3500DB874C /* Resources */ = {
			isa = PBXResourcesBuildPhase;
			buildActionMask = 2147483647;
			files = (
			);
			runOnlyForDeploymentPostprocessing = 0;
		};
/* End PBXResourcesBuildPhase section */

/* Begin PBXSourcesBuildPhase section */
		24B03FB721FC5C3400DB874C /* Sources */ = {
			isa = PBXSourcesBuildPhase;
			buildActionMask = 2147483647;
			files = (
				24B03FC121FC5C3400DB874C /* ViewController.swift in Sources */,
				24B03FBF21FC5C3400DB874C /* AppDelegate.swift in Sources */,
			);
			runOnlyForDeploymentPostprocessing = 0;
		};
		24B03FCB21FC5C3500DB874C /* Sources */ = {
			isa = PBXSourcesBuildPhase;
			buildActionMask = 2147483647;
			files = (
				24B03FD421FC5C3500DB874C /* DownloadBackgroundTests.swift in Sources */,
			);
			runOnlyForDeploymentPostprocessing = 0;
		};
/* End PBXSourcesBuildPhase section */

/* Begin PBXTargetDependency section */
		24B03FD121FC5C3500DB874C /* PBXTargetDependency */ = {
			isa = PBXTargetDependency;
			target = 24B03FBA21FC5C3400DB874C /* DownloadBackground */;
			targetProxy = 24B03FD021FC5C3500DB874C /* PBXContainerItemProxy */;
		};
/* End PBXTargetDependency section */

/* Begin PBXVariantGroup section */
		24B03FC221FC5C3400DB874C /* Main.storyboard */ = {
			isa = PBXVariantGroup;
			children = (
				24B03FC321FC5C3400DB874C /* Base */,
			);
			name = Main.storyboard;
			sourceTree = "<group>";
		};
		24B03FC721FC5C3500DB874C /* LaunchScreen.storyboard */ = {
			isa = PBXVariantGroup;
			children = (
				24B03FC821FC5C3500DB874C /* Base */,
			);
			name = LaunchScreen.storyboard;
			sourceTree = "<group>";
		};
/* End PBXVariantGroup section */

/* Begin XCBuildConfiguration section */
		24B03FD621FC5C3500DB874C /* Debug */ = {
			isa = XCBuildConfiguration;
			buildSettings = {
				ALWAYS_SEARCH_USER_PATHS = NO;
				CLANG_ANALYZER_LOCALIZABILITY_NONLOCALIZED = YES;
				CLANG_ANALYZER_NONNULL = YES;
				CLANG_ANALYZER_NUMBER_OBJECT_CONVERSION = YES_AGGRESSIVE;
				CLANG_CXX_LANGUAGE_STANDARD = "gnu++14";
				CLANG_CXX_LIBRARY = "libc++";
				CLANG_ENABLE_MODULES = YES;
				CLANG_ENABLE_OBJC_ARC = YES;
				CLANG_ENABLE_OBJC_WEAK = YES;
				CLANG_WARN_BLOCK_CAPTURE_AUTORELEASING = YES;
				CLANG_WARN_BOOL_CONVERSION = YES;
				CLANG_WARN_COMMA = YES;
				CLANG_WARN_CONSTANT_CONVERSION = YES;
				CLANG_WARN_DEPRECATED_OBJC_IMPLEMENTATIONS = YES;
				CLANG_WARN_DIRECT_OBJC_ISA_USAGE = YES_ERROR;
				CLANG_WARN_DOCUMENTATION_COMMENTS = YES;
				CLANG_WARN_EMPTY_BODY = YES;
				CLANG_WARN_ENUM_CONVERSION = YES;
				CLANG_WARN_INFINITE_RECURSION = YES;
				CLANG_WARN_INT_CONVERSION = YES;
				CLANG_WARN_NON_LITERAL_NULL_CONVERSION = YES;
				CLANG_WARN_OBJC_IMPLICIT_RETAIN_SELF = YES;
				CLANG_WARN_OBJC_LITERAL_CONVERSION = YES;
				CLANG_WARN_OBJC_ROOT_CLASS = YES_ERROR;
				CLANG_WARN_RANGE_LOOP_ANALYSIS = YES;
				CLANG_WARN_STRICT_PROTOTYPES = YES;
				CLANG_WARN_SUSPICIOUS_MOVE = YES;
				CLANG_WARN_UNGUARDED_AVAILABILITY = YES_AGGRESSIVE;
				CLANG_WARN_UNREACHABLE_CODE = YES;
				CLANG_WARN__DUPLICATE_METHOD_MATCH = YES;
				CODE_SIGN_IDENTITY = "iPhone Developer";
				COPY_PHASE_STRIP = NO;
				DEBUG_INFORMATION_FORMAT = dwarf;
				ENABLE_STRICT_OBJC_MSGSEND = YES;
				ENABLE_TESTABILITY = YES;
				GCC_C_LANGUAGE_STANDARD = gnu11;
				GCC_DYNAMIC_NO_PIC = NO;
				GCC_NO_COMMON_BLOCKS = YES;
				GCC_OPTIMIZATION_LEVEL = 0;
				GCC_PREPROCESSOR_DEFINITIONS = (
					"DEBUG=1",
					"$(inherited)",
				);
				GCC_WARN_64_TO_32_BIT_CONVERSION = YES;
				GCC_WARN_ABOUT_RETURN_TYPE = YES_ERROR;
				GCC_WARN_UNDECLARED_SELECTOR = YES;
				GCC_WARN_UNINITIALIZED_AUTOS = YES_AGGRESSIVE;
				GCC_WARN_UNUSED_FUNCTION = YES;
				GCC_WARN_UNUSED_VARIABLE = YES;
				IPHONEOS_DEPLOYMENT_TARGET = 12.1;
				MTL_ENABLE_DEBUG_INFO = INCLUDE_SOURCE;
				MTL_FAST_MATH = YES;
				ONLY_ACTIVE_ARCH = YES;
				SDKROOT = iphoneos;
				SWIFT_ACTIVE_COMPILATION_CONDITIONS = DEBUG;
				SWIFT_OPTIMIZATION_LEVEL = "-Onone";
			};
			name = Debug;
		};
		24B03FD721FC5C3500DB874C /* Release */ = {
			isa = XCBuildConfiguration;
			buildSettings = {
				ALWAYS_SEARCH_USER_PATHS = NO;
				CLANG_ANALYZER_LOCALIZABILITY_NONLOCALIZED = YES;
				CLANG_ANALYZER_NONNULL = YES;
				CLANG_ANALYZER_NUMBER_OBJECT_CONVERSION = YES_AGGRESSIVE;
				CLANG_CXX_LANGUAGE_STANDARD = "gnu++14";
				CLANG_CXX_LIBRARY = "libc++";
				CLANG_ENABLE_MODULES = YES;
				CLANG_ENABLE_OBJC_ARC = YES;
				CLANG_ENABLE_OBJC_WEAK = YES;
				CLANG_WARN_BLOCK_CAPTURE_AUTORELEASING = YES;
				CLANG_WARN_BOOL_CONVERSION = YES;
				CLANG_WARN_COMMA = YES;
				CLANG_WARN_CONSTANT_CONVERSION = YES;
				CLANG_WARN_DEPRECATED_OBJC_IMPLEMENTATIONS = YES;
				CLANG_WARN_DIRECT_OBJC_ISA_USAGE = YES_ERROR;
				CLANG_WARN_DOCUMENTATION_COMMENTS = YES;
				CLANG_WARN_EMPTY_BODY = YES;
				CLANG_WARN_ENUM_CONVERSION = YES;
				CLANG_WARN_INFINITE_RECURSION = YES;
				CLANG_WARN_INT_CONVERSION = YES;
				CLANG_WARN_NON_LITERAL_NULL_CONVERSION = YES;
				CLANG_WARN_OBJC_IMPLICIT_RETAIN_SELF = YES;
				CLANG_WARN_OBJC_LITERAL_CONVERSION = YES;
				CLANG_WARN_OBJC_ROOT_CLASS = YES_ERROR;
				CLANG_WARN_RANGE_LOOP_ANALYSIS = YES;
				CLANG_WARN_STRICT_PROTOTYPES = YES;
				CLANG_WARN_SUSPICIOUS_MOVE = YES;
				CLANG_WARN_UNGUARDED_AVAILABILITY = YES_AGGRESSIVE;
				CLANG_WARN_UNREACHABLE_CODE = YES;
				CLANG_WARN__DUPLICATE_METHOD_MATCH = YES;
				CODE_SIGN_IDENTITY = "iPhone Developer";
				COPY_PHASE_STRIP = NO;
				DEBUG_INFORMATION_FORMAT = "dwarf-with-dsym";
				ENABLE_NS_ASSERTIONS = NO;
				ENABLE_STRICT_OBJC_MSGSEND = YES;
				GCC_C_LANGUAGE_STANDARD = gnu11;
				GCC_NO_COMMON_BLOCKS = YES;
				GCC_WARN_64_TO_32_BIT_CONVERSION = YES;
				GCC_WARN_ABOUT_RETURN_TYPE = YES_ERROR;
				GCC_WARN_UNDECLARED_SELECTOR = YES;
				GCC_WARN_UNINITIALIZED_AUTOS = YES_AGGRESSIVE;
				GCC_WARN_UNUSED_FUNCTION = YES;
				GCC_WARN_UNUSED_VARIABLE = YES;
				IPHONEOS_DEPLOYMENT_TARGET = 12.1;
				MTL_ENABLE_DEBUG_INFO = NO;
				MTL_FAST_MATH = YES;
				SDKROOT = iphoneos;
				SWIFT_COMPILATION_MODE = wholemodule;
				SWIFT_OPTIMIZATION_LEVEL = "-O";
				VALIDATE_PRODUCT = YES;
			};
			name = Release;
		};
		24B03FD921FC5C3500DB874C /* Debug */ = {
			isa = XCBuildConfiguration;
			buildSettings = {
				ASSETCATALOG_COMPILER_APPICON_NAME = AppIcon;
				CODE_SIGN_STYLE = Automatic;
				DEVELOPMENT_TEAM = 4C34FT6ABU;
				INFOPLIST_FILE = DownloadBackground/Info.plist;
				LD_RUNPATH_SEARCH_PATHS = (
					"$(inherited)",
					"@executable_path/Frameworks",
				);
				PRODUCT_BUNDLE_IDENTIFIER = com.tm.DownloadBackground;
				PRODUCT_NAME = "$(TARGET_NAME)";
				SWIFT_VERSION = 4.2;
				TARGETED_DEVICE_FAMILY = "1,2";
			};
			name = Debug;
		};
		24B03FDA21FC5C3500DB874C /* Release */ = {
			isa = XCBuildConfiguration;
			buildSettings = {
				ASSETCATALOG_COMPILER_APPICON_NAME = AppIcon;
				CODE_SIGN_STYLE = Automatic;
				DEVELOPMENT_TEAM = 4C34FT6ABU;
				INFOPLIST_FILE = DownloadBackground/Info.plist;
				LD_RUNPATH_SEARCH_PATHS = (
					"$(inherited)",
					"@executable_path/Frameworks",
				);
				PRODUCT_BUNDLE_IDENTIFIER = com.tm.DownloadBackground;
				PRODUCT_NAME = "$(TARGET_NAME)";
				SWIFT_VERSION = 4.2;
				TARGETED_DEVICE_FAMILY = "1,2";
			};
			name = Release;
		};
		24B03FDC21FC5C3500DB874C /* Debug */ = {
			isa = XCBuildConfiguration;
			buildSettings = {
				ALWAYS_EMBED_SWIFT_STANDARD_LIBRARIES = YES;
				BUNDLE_LOADER = "$(TEST_HOST)";
				CODE_SIGN_STYLE = Automatic;
				DEVELOPMENT_TEAM = 4C34FT6ABU;
				INFOPLIST_FILE = DownloadBackgroundTests/Info.plist;
				LD_RUNPATH_SEARCH_PATHS = (
					"$(inherited)",
					"@executable_path/Frameworks",
					"@loader_path/Frameworks",
				);
				PRODUCT_BUNDLE_IDENTIFIER = com.tm.DownloadBackgroundTests;
				PRODUCT_NAME = "$(TARGET_NAME)";
				SWIFT_VERSION = 4.2;
				TARGETED_DEVICE_FAMILY = "1,2";
				TEST_HOST = "$(BUILT_PRODUCTS_DIR)/DownloadBackground.app/DownloadBackground";
			};
			name = Debug;
		};
		24B03FDD21FC5C3500DB874C /* Release */ = {
			isa = XCBuildConfiguration;
			buildSettings = {
				ALWAYS_EMBED_SWIFT_STANDARD_LIBRARIES = YES;
				BUNDLE_LOADER = "$(TEST_HOST)";
				CODE_SIGN_STYLE = Automatic;
				DEVELOPMENT_TEAM = 4C34FT6ABU;
				INFOPLIST_FILE = DownloadBackgroundTests/Info.plist;
				LD_RUNPATH_SEARCH_PATHS = (
					"$(inherited)",
					"@executable_path/Frameworks",
					"@loader_path/Frameworks",
				);
				PRODUCT_BUNDLE_IDENTIFIER = com.tm.DownloadBackgroundTests;
				PRODUCT_NAME = "$(TARGET_NAME)";
				SWIFT_VERSION = 4.2;
				TARGETED_DEVICE_FAMILY = "1,2";
				TEST_HOST = "$(BUILT_PRODUCTS_DIR)/DownloadBackground.app/DownloadBackground";
			};
			name = Release;
		};
/* End XCBuildConfiguration section */

/* Begin XCConfigurationList section */
		24B03FB621FC5C3400DB874C /* Build configuration list for PBXProject "DownloadBackground" */ = {
			isa = XCConfigurationList;
			buildConfigurations = (
				24B03FD621FC5C3500DB874C /* Debug */,
				24B03FD721FC5C3500DB874C /* Release */,
			);
			defaultConfigurationIsVisible = 0;
			defaultConfigurationName = Release;
		};
		24B03FD821FC5C3500DB874C /* Build configuration list for PBXNativeTarget "DownloadBackground" */ = {
			isa = XCConfigurationList;
			buildConfigurations = (
				24B03FD921FC5C3500DB874C /* Debug */,
				24B03FDA21FC5C3500DB874C /* Release */,
			);
			defaultConfigurationIsVisible = 0;
			defaultConfigurationName = Release;
		};
		24B03FDB21FC5C3500DB874C /* Build configuration list for PBXNativeTarget "DownloadBackgroundTests" */ = {
			isa = XCConfigurationList;
			buildConfigurations = (
				24B03FDC21FC5C3500DB874C /* Debug */,
				24B03FDD21FC5C3500DB874C /* Release */,
			);
			defaultConfigurationIsVisible = 0;
			defaultConfigurationName = Release;
		};
/* End XCConfigurationList section */
	};
	rootObject = 24B03FB321FC5C3400DB874C /* Project object */;
}
